
Microsoft Visual Studio Solution File, Format Version 12.00
# Visual Studio Version 17
VisualStudioVersion = 17.14.36518.9
MinimumVisualStudioVersion = 10.0.40219.1
Project("{FAE04EC0-301F-11D3-BF4B-00C04F79EFBC}") = "3D_VisionSource", "3D_VisionSource.csproj", "{E7A551C5-46DC-4770-A76E-06C60865D608}"
EndProject
Global
	GlobalSection(SolutionConfigurationPlatforms) = preSolution
		Debug|Any CPU = Debug|Any CPU
		Debug|x64 = Debug|x64
		Release|Any CPU = Release|Any CPU
		Release|x64 = Release|x64
	EndGlobalSection
	GlobalSection(ProjectConfigurationPlatforms) = postSolution
		{E7A551C5-46DC-4770-A76E-06C60865D608}.Debug|Any CPU.ActiveCfg = Debug|x64
		{E7A551C5-46DC-4770-A76E-06C60865D608}.Debug|x64.ActiveCfg = Debug|x64
		{E7A551C5-46DC-4770-A76E-06C60865D608}.Debug|x64.Build.0 = Debug|x64
		{E7A551C5-46DC-4770-A76E-06C60865D608}.Release|Any CPU.ActiveCfg = Release|x64
		{E7A551C5-46DC-4770-A76E-06C60865D608}.Release|x64.ActiveCfg = Release|x64
		{E7A551C5-46DC-4770-A76E-06C60865D608}.Release|x64.Build.0 = Release|x64
	EndGlobalSection
	GlobalSection(SolutionProperties) = preSolution
		HideSolutionNode = FALSE
	EndGlobalSection
	GlobalSection(ExtensibilityGlobals) = postSolution
		SolutionGuid = {959D083D-7203-45E8-99DB-47B0FA93437A}
	EndGlobalSection
EndGlobal
